
Microsoft Visual Studio Solution File, Format Version 12.00
# Visual Studio 15
VisualStudioVersion = 15.0.28307.757
MinimumVisualStudioVersion = 10.0.40219.1
Project("{F184B08F-C81C-45F6-A57F-5ABD9991F28F}") = "adalight-wrapper", "adalight-wrapper\adalight-wrapper.vbproj", "{E9F9C8DD-DDB3-4995-A1B2-2D810DD0F2FD}"
EndProject
Global
	GlobalSection(SolutionConfigurationPlatforms) = preSolution
		Debug|Any CPU = Debug|Any CPU
		Release|Any CPU = Release|Any CPU
	EndGlobalSection
	GlobalSection(ProjectConfigurationPlatforms) = postSolution
		{E9F9C8DD-DDB3-4995-A1B2-2D810DD0F2FD}.Debug|Any CPU.ActiveCfg = Debug|Any CPU
		{E9F9C8DD-DDB3-4995-A1B2-2D810DD0F2FD}.Debug|Any CPU.Build.0 = Debug|Any CPU
		{E9F9C8DD-DDB3-4995-A1B2-2D810DD0F2FD}.Release|Any CPU.ActiveCfg = Release|Any CPU
		{E9F9C8DD-DDB3-4995-A1B2-2D810DD0F2FD}.Release|Any CPU.Build.0 = Release|Any CPU
	EndGlobalSection
	GlobalSection(SolutionProperties) = preSolution
		HideSolutionNode = FALSE
	EndGlobalSection
	GlobalSection(ExtensibilityGlobals) = postSolution
		SolutionGuid = {62B5FCF7-C510-4A25-8CB8-8896AEBB9F93}
	EndGlobalSection
EndGlobal
